
Microsoft Visual Studio Solution File, Format Version 12.00
# Visual Studio Version 17
VisualStudioVersion = 17.4.33213.308
MinimumVisualStudioVersion = 10.0.40219.1
Project("{FAE04EC0-301F-11D3-BF4B-00C04F79EFBC}") = "DiceThrower", "DiceThrower\DiceThrower.csproj", "{38F821C7-10C3-4732-9ECE-A2171221D754}"
EndProject
Project("{FAE04EC0-301F-11D3-BF4B-00C04F79EFBC}") = "DiceTests", "DiceTests\DiceTests.csproj", "{A943F93B-5D6C-4525-B996-A5A2589D6E09}"
EndProject
Global
	GlobalSection(SolutionConfigurationPlatforms) = preSolution
		Debug|Any CPU = Debug|Any CPU
		Release|Any CPU = Release|Any CPU
	EndGlobalSection
	GlobalSection(ProjectConfigurationPlatforms) = postSolution
		{38F821C7-10C3-4732-9ECE-A2171221D754}.Debug|Any CPU.ActiveCfg = Debug|Any CPU
		{38F821C7-10C3-4732-9ECE-A2171221D754}.Debug|Any CPU.Build.0 = Debug|Any CPU
		{38F821C7-10C3-4732-9ECE-A2171221D754}.Release|Any CPU.ActiveCfg = Release|Any CPU
		{38F821C7-10C3-4732-9ECE-A2171221D754}.Release|Any CPU.Build.0 = Release|Any CPU
		{A943F93B-5D6C-4525-B996-A5A2589D6E09}.Debug|Any CPU.ActiveCfg = Debug|Any CPU
		{A943F93B-5D6C-4525-B996-A5A2589D6E09}.Debug|Any CPU.Build.0 = Debug|Any CPU
		{A943F93B-5D6C-4525-B996-A5A2589D6E09}.Release|Any CPU.ActiveCfg = Release|Any CPU
		{A943F93B-5D6C-4525-B996-A5A2589D6E09}.Release|Any CPU.Build.0 = Release|Any CPU
	EndGlobalSection
	GlobalSection(SolutionProperties) = preSolution
		HideSolutionNode = FALSE
	EndGlobalSection
	GlobalSection(ExtensibilityGlobals) = postSolution
		SolutionGuid = {85548BDA-A02A-43A7-A498-9624BDF772E6}
	EndGlobalSection
EndGlobal
